# This file is autogenerated, do not edit; changes may be undone by the next 'dep ensure'.


[[projects]]
  digest = "1:f7607c7556611109a0579cba1cc171122d60cc591fd9fe388c432c9a2740e82f"
  name = "github.com/gookit/color"
  packages = ["."]
  pruneopts = "UT"
  revision = "4424096b9787fc36df5fd5e15c62886edbf13544"
  version = "v1.2.4"

[[projects]]
  digest = "1:25ebe6496abb289ef977c081b2d49f56dd97c32db4ca083d37f95923909ced02"
  name = "github.com/gorilla/mux"
  packages = ["."]
  pruneopts = "UT"
  revision = "75dcda0896e109a2a22c9315bca3bb21b87b2ba5"
  version = "v1.7.4"

[[projects]]
  branch = "theidea"
  digest = "1:b17f31b3158da19e972ed37658c65063ec7673152b9df96b18468d5a7955be93"
  name = "github.com/hellgate75/rebind"
  packages = [
    "data",
    "errors",
    "log",
    "model",
    "model/rest",
    "net",
    "registry",
    "rest/services",
    "rest/services/v1",
    "store",
    "utils",
  ]
  pruneopts = "UT"
  revision = "8da0635531f8a1851f240b8b8f8d7e6abd034cd8"

[[projects]]
  branch = "master"
  digest = "1:6b9bc6dd39243eeb5b9131842d65304427104e698c29b631392b63749f773926"
  name = "golang.org/x/net"
  packages = ["dns/dnsmessage"]
  pruneopts = "UT"
  revision = "d3edc9973b7eb1fb302b0ff2c62357091cea9a30"

[[projects]]
  digest = "1:55b110c99c5fdc4f14930747326acce56b52cfce60b24b1c03ef686ac0e46bb1"
  name = "gopkg.in/yaml.v2"
  packages = ["."]
  pruneopts = "UT"
  revision = "53403b58ad1b561927d19068c655246f2db79d48"
  version = "v2.2.8"

[solve-meta]
  analyzer-name = "dep"
  analyzer-version = 1
  input-imports = [
    "github.com/gorilla/mux",
    "github.com/hellgate75/rebind/log",
    "github.com/hellgate75/rebind/model",
    "github.com/hellgate75/rebind/model/rest",
    "github.com/hellgate75/rebind/net",
    "github.com/hellgate75/rebind/registry",
    "github.com/hellgate75/rebind/rest/services",
    "github.com/hellgate75/rebind/utils",
  ]
  solver-name = "gps-cdcl"
  solver-version = 1
